// !$*UTF8*$!
{
	archiveVersion = 1;
	classes = {
	};
	objectVersion = 46;
	objects = {

/* Begin PBXBuildFile section */
		8028E8131C96EF77008A9382 /* main.m in Sources */ = {isa = PBXBuildFile; fileRef = 8028E8121C96EF77008A9382 /* main.m */; };
		8028E8161C96EF77008A9382 /* AppDelegate.m in Sources */ = {isa = PBXBuildFile; fileRef = 8028E8151C96EF77008A9382 /* AppDelegate.m */; };
		8028E81C1C96EF77008A9382 /* Main.storyboard in Resources */ = {isa = PBXBuildFile; fileRef = 8028E81A1C96EF77008A9382 /* Main.storyboard */; };
		8028E81F1C96EF77008A9382 /* SlidePuzzle.xcdatamodeld in Sources */ = {isa = PBXBuildFile; fileRef = 8028E81D1C96EF77008A9382 /* SlidePuzzle.xcdatamodeld */; };
		8028E8211C96EF77008A9382 /* Assets.xcassets in Resources */ = {isa = PBXBuildFile; fileRef = 8028E8201C96EF77008A9382 /* Assets.xcassets */; };
		8028E8241C96EF77008A9382 /* LaunchScreen.storyboard in Resources */ = {isa = PBXBuildFile; fileRef = 8028E8221C96EF77008A9382 /* LaunchScreen.storyboard */; };
		8028E82F1C96EF77008A9382 /* SlidePuzzleTests.m in Sources */ = {isa = PBXBuildFile; fileRef = 8028E82E1C96EF77008A9382 /* SlidePuzzleTests.m */; };
		8028E83A1C96EF78008A9382 /* SlidePuzzleUITests.m in Sources */ = {isa = PBXBuildFile; fileRef = 8028E8391C96EF78008A9382 /* SlidePuzzleUITests.m */; };
		8028E8491C96EFC0008A9382 /* SPViewController.m in Sources */ = {isa = PBXBuildFile; fileRef = 8028E8481C96EFC0008A9382 /* SPViewController.m */; };
/* End PBXBuildFile section */

/* Begin PBXContainerItemProxy section */
		8028E82B1C96EF77008A9382 /* PBXContainerItemProxy */ = {
			isa = PBXContainerItemProxy;
			containerPortal = 8028E8061C96EF77008A9382 /* Project object */;
			proxyType = 1;
			remoteGlobalIDString = 8028E80D1C96EF77008A9382;
			remoteInfo = SlidePuzzle;
		};
		8028E8361C96EF78008A9382 /* PBXContainerItemProxy */ = {
			isa = PBXContainerItemProxy;
			containerPortal = 8028E8061C96EF77008A9382 /* Project object */;
			proxyType = 1;
			remoteGlobalIDString = 8028E80D1C96EF77008A9382;
			remoteInfo = SlidePuzzle;
		};
/* End PBXContainerItemProxy section */

/* Begin PBXFileReference section */
		8028E80E1C96EF77008A9382 /* SlidePuzzle.app */ = {isa = PBXFileReference; explicitFileType = wrapper.application; includeInIndex = 0; path = SlidePuzzle.app; sourceTree = BUILT_PRODUCTS_DIR; };
		8028E8121C96EF77008A9382 /* main.m */ = {isa = PBXFileReference; lastKnownFileType = sourcecode.c.objc; path = main.m; sourceTree = "<group>"; };
		8028E8141C96EF77008A9382 /* AppDelegate.h */ = {isa = PBXFileReference; lastKnownFileType = sourcecode.c.h; path = AppDelegate.h; sourceTree = "<group>"; };
		8028E8151C96EF77008A9382 /* AppDelegate.m */ = {isa = PBXFileReference; lastKnownFileType = sourcecode.c.objc; path = AppDelegate.m; sourceTree = "<group>"; };
		8028E81B1C96EF77008A9382 /* Base */ = {isa = PBXFileReference; lastKnownFileType = file.storyboard; name = Base; path = Base.lproj/Main.storyboard; sourceTree = "<group>"; };
		8028E81E1C96EF77008A9382 /* SlidePuzzle.xcdatamodel */ = {isa = PBXFileReference; lastKnownFileType = wrapper.xcdatamodel; path = SlidePuzzle.xcdatamodel; sourceTree = "<group>"; };
		8028E8201C96EF77008A9382 /* Assets.xcassets */ = {isa = PBXFileReference; lastKnownFileType = folder.assetcatalog; path = Assets.xcassets; sourceTree = "<group>"; };
		8028E8231C96EF77008A9382 /* Base */ = {isa = PBXFileReference; lastKnownFileType = file.storyboard; name = Base; path = Base.lproj/LaunchScreen.storyboard; sourceTree = "<group>"; };
		8028E8251C96EF77008A9382 /* Info.plist */ = {isa = PBXFileReference; lastKnownFileType = text.plist.xml; path = Info.plist; sourceTree = "<group>"; };
		8028E82A1C96EF77008A9382 /* SlidePuzzleTests.xctest */ = {isa = PBXFileReference; explicitFileType = wrapper.cfbundle; includeInIndex = 0; path = SlidePuzzleTests.xctest; sourceTree = BUILT_PRODUCTS_DIR; };
		8028E82E1C96EF77008A9382 /* SlidePuzzleTests.m */ = {isa = PBXFileReference; lastKnownFileType = sourcecode.c.objc; path = SlidePuzzleTests.m; sourceTree = "<group>"; };
		8028E8301C96EF77008A9382 /* Info.plist */ = {isa = PBXFileReference; lastKnownFileType = text.plist.xml; path = Info.plist; sourceTree = "<group>"; };
		8028E8351C96EF78008A9382 /* SlidePuzzleUITests.xctest */ = {isa = PBXFileReference; explicitFileType = wrapper.cfbundle; includeInIndex = 0; path = SlidePuzzleUITests.xctest; sourceTree = BUILT_PRODUCTS_DIR; };
		8028E8391C96EF78008A9382 /* SlidePuzzleUITests.m */ = {isa = PBXFileReference; lastKnownFileType = sourcecode.c.objc; path = SlidePuzzleUITests.m; sourceTree = "<group>"; };
		8028E83B1C96EF78008A9382 /* Info.plist */ = {isa = PBXFileReference; lastKnownFileType = text.plist.xml; path = Info.plist; sourceTree = "<group>"; };
		8028E8471C96EFC0008A9382 /* SPViewController.h */ = {isa = PBXFileReference; fileEncoding = 4; lastKnownFileType = sourcecode.c.h; name = SPViewController.h; path = ../SPViewController.h; sourceTree = "<group>"; };
		8028E8481C96EFC0008A9382 /* SPViewController.m */ = {isa = PBXFileReference; fileEncoding = 4; lastKnownFileType = sourcecode.c.objc; name = SPViewController.m; path = ../SPViewController.m; sourceTree = "<group>"; };
/* End PBXFileReference section */

/* Begin PBXFrameworksBuildPhase section */
		8028E80B1C96EF77008A9382 /* Frameworks */ = {
			isa = PBXFrameworksBuildPhase;
			buildActionMask = 2147483647;
			files = (
			);
			runOnlyForDeploymentPostprocessing = 0;
		};
		8028E8271C96EF77008A9382 /* Frameworks */ = {
			isa = PBXFrameworksBuildPhase;
			buildActionMask = 2147483647;
			files = (
			);
			runOnlyForDeploymentPostprocessing = 0;
		};
		8028E8321C96EF77008A9382 /* Frameworks */ = {
			isa = PBXFrameworksBuildPhase;
			buildActionMask = 2147483647;
			files = (
			);
			runOnlyForDeploymentPostprocessing = 0;
		};
/* End PBXFrameworksBuildPhase section */

/* Begin PBXGroup section */
		8028E8051C96EF77008A9382 = {
			isa = PBXGroup;
			children = (
				8028E8101C96EF77008A9382 /* SlidePuzzle */,
				8028E82D1C96EF77008A9382 /* SlidePuzzleTests */,
				8028E8381C96EF78008A9382 /* SlidePuzzleUITests */,
				8028E80F1C96EF77008A9382 /* Products */,
			);
			sourceTree = "<group>";
		};
		8028E80F1C96EF77008A9382 /* Products */ = {
			isa = PBXGroup;
			children = (
				8028E80E1C96EF77008A9382 /* SlidePuzzle.app */,
				8028E82A1C96EF77008A9382 /* SlidePuzzleTests.xctest */,
				8028E8351C96EF78008A9382 /* SlidePuzzleUITests.xctest */,
			);
			name = Products;
			sourceTree = "<group>";
		};
		8028E8101C96EF77008A9382 /* SlidePuzzle */ = {
			isa = PBXGroup;
			children = (
				8028E8141C96EF77008A9382 /* AppDelegate.h */,
				8028E8151C96EF77008A9382 /* AppDelegate.m */,
				8028E8471C96EFC0008A9382 /* SPViewController.h */,
				8028E8481C96EFC0008A9382 /* SPViewController.m */,
				8028E81A1C96EF77008A9382 /* Main.storyboard */,
				8028E8201C96EF77008A9382 /* Assets.xcassets */,
				8028E8221C96EF77008A9382 /* LaunchScreen.storyboard */,
				8028E8251C96EF77008A9382 /* Info.plist */,
				8028E81D1C96EF77008A9382 /* SlidePuzzle.xcdatamodeld */,
				8028E8111C96EF77008A9382 /* Supporting Files */,
			);
			path = SlidePuzzle;
			sourceTree = "<group>";
		};
		8028E8111C96EF77008A9382 /* Supporting Files */ = {
			isa = PBXGroup;
			children = (
				8028E8121C96EF77008A9382 /* main.m */,
			);
			name = "Supporting Files";
			sourceTree = "<group>";
		};
		8028E82D1C96EF77008A9382 /* SlidePuzzleTests */ = {
			isa = PBXGroup;
			children = (
				8028E82E1C96EF77008A9382 /* SlidePuzzleTests.m */,
				8028E8301C96EF77008A9382 /* Info.plist */,
			);
			path = SlidePuzzleTests;
			sourceTree = "<group>";
		};
		8028E8381C96EF78008A9382 /* SlidePuzzleUITests */ = {
			isa = PBXGroup;
			children = (
				8028E8391C96EF78008A9382 /* SlidePuzzleUITests.m */,
				8028E83B1C96EF78008A9382 /* Info.plist */,
			);
			path = SlidePuzzleUITests;
			sourceTree = "<group>";
		};
/* End PBXGroup section */

/* Begin PBXNativeTarget section */
		8028E80D1C96EF77008A9382 /* SlidePuzzle */ = {
			isa = PBXNativeTarget;
			buildConfigurationList = 8028E83E1C96EF78008A9382 /* Build configuration list for PBXNativeTarget "SlidePuzzle" */;
			buildPhases = (
				8028E80A1C96EF77008A9382 /* Sources */,
				8028E80B1C96EF77008A9382 /* Frameworks */,
				8028E80C1C96EF77008A9382 /* Resources */,
			);
			buildRules = (
			);
			dependencies = (
			);
			name = SlidePuzzle;
			productName = SlidePuzzle;
			productReference = 8028E80E1C96EF77008A9382 /* SlidePuzzle.app */;
			productType = "com.apple.product-type.application";
		};
		8028E8291C96EF77008A9382 /* SlidePuzzleTests */ = {
			isa = PBXNativeTarget;
			buildConfigurationList = 8028E8411C96EF78008A9382 /* Build configuration list for PBXNativeTarget "SlidePuzzleTests" */;
			buildPhases = (
				8028E8261C96EF77008A9382 /* Sources */,
				8028E8271C96EF77008A9382 /* Frameworks */,
				8028E8281C96EF77008A9382 /* Resources */,
			);
			buildRules = (
			);
			dependencies = (
				8028E82C1C96EF77008A9382 /* PBXTargetDependency */,
			);
			name = SlidePuzzleTests;
			productName = SlidePuzzleTests;
			productReference = 8028E82A1C96EF77008A9382 /* SlidePuzzleTests.xctest */;
			productType = "com.apple.product-type.bundle.unit-test";
		};
		8028E8341C96EF77008A9382 /* SlidePuzzleUITests */ = {
			isa = PBXNativeTarget;
			buildConfigurationList = 8028E8441C96EF78008A9382 /* Build configuration list for PBXNativeTarget "SlidePuzzleUITests" */;
			buildPhases = (
				8028E8311C96EF77008A9382 /* Sources */,
				8028E8321C96EF77008A9382 /* Frameworks */,
				8028E8331C96EF77008A9382 /* Resources */,
			);
			buildRules = (
			);
			dependencies = (
				8028E8371C96EF78008A9382 /* PBXTargetDependency */,
			);
			name = SlidePuzzleUITests;
			productName = SlidePuzzleUITests;
			productReference = 8028E8351C96EF78008A9382 /* SlidePuzzleUITests.xctest */;
			productType = "com.apple.product-type.bundle.ui-testing";
		};
/* End PBXNativeTarget section */

/* Begin PBXProject section */
		8028E8061C96EF77008A9382 /* Project object */ = {
			isa = PBXProject;
			attributes = {
				LastUpgradeCheck = 0720;
				ORGANIZATIONNAME = EGS;
				TargetAttributes = {
					8028E80D1C96EF77008A9382 = {
						CreatedOnToolsVersion = 7.2.1;
					};
					8028E8291C96EF77008A9382 = {
						CreatedOnToolsVersion = 7.2.1;
						TestTargetID = 8028E80D1C96EF77008A9382;
					};
					8028E8341C96EF77008A9382 = {
						CreatedOnToolsVersion = 7.2.1;
						TestTargetID = 8028E80D1C96EF77008A9382;
					};
				};
			};
			buildConfigurationList = 8028E8091C96EF77008A9382 /* Build configuration list for PBXProject "SlidePuzzle" */;
			compatibilityVersion = "Xcode 3.2";
			developmentRegion = English;
			hasScannedForEncodings = 0;
			knownRegions = (
				en,
				Base,
			);
			mainGroup = 8028E8051C96EF77008A9382;
			productRefGroup = 8028E80F1C96EF77008A9382 /* Products */;
			projectDirPath = "";
			projectRoot = "";
			targets = (
				8028E80D1C96EF77008A9382 /* SlidePuzzle */,
				8028E8291C96EF77008A9382 /* SlidePuzzleTests */,
				8028E8341C96EF77008A9382 /* SlidePuzzleUITests */,
			);
		};
/* End PBXProject section */

/* Begin PBXResourcesBuildPhase section */
		8028E80C1C96EF77008A9382 /* Resources */ = {
			isa = PBXResourcesBuildPhase;
			buildActionMask = 2147483647;
			files = (
				8028E8241C96EF77008A9382 /* LaunchScreen.storyboard in Resources */,
				8028E8211C96EF77008A9382 /* Assets.xcassets in Resources */,
				8028E81C1C96EF77008A9382 /* Main.storyboard in Resources */,
			);
			runOnlyForDeploymentPostprocessing = 0;
		};
		8028E8281C96EF77008A9382 /* Resources */ = {
			isa = PBXResourcesBuildPhase;
			buildActionMask = 2147483647;
			files = (
			);
			runOnlyForDeploymentPostprocessing = 0;
		};
		8028E8331C96EF77008A9382 /* Resources */ = {
			isa = PBXResourcesBuildPhase;
			buildActionMask = 2147483647;
			files = (
			);
			runOnlyForDeploymentPostprocessing = 0;
		};
/* End PBXResourcesBuildPhase section */

/* Begin PBXSourcesBuildPhase section */
		8028E80A1C96EF77008A9382 /* Sources */ = {
			isa = PBXSourcesBuildPhase;
			buildActionMask = 2147483647;
			files = (
				8028E8161C96EF77008A9382 /* AppDelegate.m in Sources */,
				8028E8131C96EF77008A9382 /* main.m in Sources */,
				8028E81F1C96EF77008A9382 /* SlidePuzzle.xcdatamodeld in Sources */,
				8028E8491C96EFC0008A9382 /* SPViewController.m in Sources */,
			);
			runOnlyForDeploymentPostprocessing = 0;
		};
		8028E8261C96EF77008A9382 /* Sources */ = {
			isa = PBXSourcesBuildPhase;
			buildActionMask = 2147483647;
			files = (
				8028E82F1C96EF77008A9382 /* SlidePuzzleTests.m in Sources */,
			);
			runOnlyForDeploymentPostprocessing = 0;
		};
		8028E8311C96EF77008A9382 /* Sources */ = {
			isa = PBXSourcesBuildPhase;
			buildActionMask = 2147483647;
			files = (
				8028E83A1C96EF78008A9382 /* SlidePuzzleUITests.m in Sources */,
			);
			runOnlyForDeploymentPostprocessing = 0;
		};
/* End PBXSourcesBuildPhase section */

/* Begin PBXTargetDependency section */
		8028E82C1C96EF77008A9382 /* PBXTargetDependency */ = {
			isa = PBXTargetDependency;
			target = 8028E80D1C96EF77008A9382 /* SlidePuzzle */;
			targetProxy = 8028E82B1C96EF77008A9382 /* PBXContainerItemProxy */;
		};
		8028E8371C96EF78008A9382 /* PBXTargetDependency */ = {
			isa = PBXTargetDependency;
			target = 8028E80D1C96EF77008A9382 /* SlidePuzzle */;
			targetProxy = 8028E8361C96EF78008A9382 /* PBXContainerItemProxy */;
		};
/* End PBXTargetDependency section */

/* Begin PBXVariantGroup section */
		8028E81A1C96EF77008A9382 /* Main.storyboard */ = {
			isa = PBXVariantGroup;
			children = (
				8028E81B1C96EF77008A9382 /* Base */,
			);
			name = Main.storyboard;
			sourceTree = "<group>";
		};
		8028E8221C96EF77008A9382 /* LaunchScreen.storyboard */ = {
			isa = PBXVariantGroup;
			children = (
				8028E8231C96EF77008A9382 /* Base */,
			);
			name = LaunchScreen.storyboard;
			sourceTree = "<group>";
		};
/* End PBXVariantGroup section */

/* Begin XCBuildConfiguration section */
		8028E83C1C96EF78008A9382 /* Debug */ = {
			isa = XCBuildConfiguration;
			buildSettings = {
				ALWAYS_SEARCH_USER_PATHS = NO;
				CLANG_CXX_LANGUAGE_STANDARD = "gnu++0x";
				CLANG_CXX_LIBRARY = "libc++";
				CLANG_ENABLE_MODULES = YES;
				CLANG_ENABLE_OBJC_ARC = YES;
				CLANG_WARN_BOOL_CONVERSION = YES;
				CLANG_WARN_CONSTANT_CONVERSION = YES;
				CLANG_WARN_DIRECT_OBJC_ISA_USAGE = YES_ERROR;
				CLANG_WARN_EMPTY_BODY = YES;
				CLANG_WARN_ENUM_CONVERSION = YES;
				CLANG_WARN_INT_CONVERSION = YES;
				CLANG_WARN_OBJC_ROOT_CLASS = YES_ERROR;
				CLANG_WARN_UNREACHABLE_CODE = YES;
				CLANG_WARN__DUPLICATE_METHOD_MATCH = YES;
				"CODE_SIGN_IDENTITY[sdk=iphoneos*]" = "iPhone Developer";
				COPY_PHASE_STRIP = NO;
				DEBUG_INFORMATION_FORMAT = dwarf;
				ENABLE_STRICT_OBJC_MSGSEND = YES;
				ENABLE_TESTABILITY = YES;
				GCC_C_LANGUAGE_STANDARD = gnu99;
				GCC_DYNAMIC_NO_PIC = NO;
				GCC_NO_COMMON_BLOCKS = YES;
				GCC_OPTIMIZATION_LEVEL = 0;
				GCC_PREPROCESSOR_DEFINITIONS = (
					"DEBUG=1",
					"$(inherited)",
				);
				GCC_WARN_64_TO_32_BIT_CONVERSION = YES;
				GCC_WARN_ABOUT_RETURN_TYPE = YES_ERROR;
				GCC_WARN_UNDECLARED_SELECTOR = YES;
				GCC_WARN_UNINITIALIZED_AUTOS = YES_AGGRESSIVE;
				GCC_WARN_UNUSED_FUNCTION = YES;
				GCC_WARN_UNUSED_VARIABLE = YES;
				IPHONEOS_DEPLOYMENT_TARGET = 9.2;
				MTL_ENABLE_DEBUG_INFO = YES;
				ONLY_ACTIVE_ARCH = YES;
				SDKROOT = iphoneos;
			};
			name = Debug;
		};
		8028E83D1C96EF78008A9382 /* Release */ = {
			isa = XCBuildConfiguration;
			buildSettings = {
				ALWAYS_SEARCH_USER_PATHS = NO;
				CLANG_CXX_LANGUAGE_STANDARD = "gnu++0x";
				CLANG_CXX_LIBRARY = "libc++";
				CLANG_ENABLE_MODULES = YES;
				CLANG_ENABLE_OBJC_ARC = YES;
				CLANG_WARN_BOOL_CONVERSION = YES;
				CLANG_WARN_CONSTANT_CONVERSION = YES;
				CLANG_WARN_DIRECT_OBJC_ISA_USAGE = YES_ERROR;
				CLANG_WARN_EMPTY_BODY = YES;
				CLANG_WARN_ENUM_CONVERSION = YES;
				CLANG_WARN_INT_CONVERSION = YES;
				CLANG_WARN_OBJC_ROOT_CLASS = YES_ERROR;
				CLANG_WARN_UNREACHABLE_CODE = YES;
				CLANG_WARN__DUPLICATE_METHOD_MATCH = YES;
				"CODE_SIGN_IDENTITY[sdk=iphoneos*]" = "iPhone Developer";
				COPY_PHASE_STRIP = NO;
				DEBUG_INFORMATION_FORMAT = "dwarf-with-dsym";
				ENABLE_NS_ASSERTIONS = NO;
				ENABLE_STRICT_OBJC_MSGSEND = YES;
				GCC_C_LANGUAGE_STANDARD = gnu99;
				GCC_NO_COMMON_BLOCKS = YES;
				GCC_WARN_64_TO_32_BIT_CONVERSION = YES;
				GCC_WARN_ABOUT_RETURN_TYPE = YES_ERROR;
				GCC_WARN_UNDECLARED_SELECTOR = YES;
				GCC_WARN_UNINITIALIZED_AUTOS = YES_AGGRESSIVE;
				GCC_WARN_UNUSED_FUNCTION = YES;
				GCC_WARN_UNUSED_VARIABLE = YES;
				IPHONEOS_DEPLOYMENT_TARGET = 9.2;
				MTL_ENABLE_DEBUG_INFO = NO;
				SDKROOT = iphoneos;
				VALIDATE_PRODUCT = YES;
			};
			name = Release;
		};
		8028E83F1C96EF78008A9382 /* Debug */ = {
			isa = XCBuildConfiguration;
			buildSettings = {
				ASSETCATALOG_COMPILER_APPICON_NAME = AppIcon;
				INFOPLIST_FILE = SlidePuzzle/Info.plist;
				LD_RUNPATH_SEARCH_PATHS = "$(inherited) @executable_path/Frameworks";
				PRODUCT_BUNDLE_IDENTIFIER = com.EGS.SlidePuzzle;
				PRODUCT_NAME = "$(TARGET_NAME)";
			};
			name = Debug;
		};
		8028E8401C96EF78008A9382 /* Release */ = {
			isa = XCBuildConfiguration;
			buildSettings = {
				ASSETCATALOG_COMPILER_APPICON_NAME = AppIcon;
				INFOPLIST_FILE = SlidePuzzle/Info.plist;
				LD_RUNPATH_SEARCH_PATHS = "$(inherited) @executable_path/Frameworks";
				PRODUCT_BUNDLE_IDENTIFIER = com.EGS.SlidePuzzle;
				PRODUCT_NAME = "$(TARGET_NAME)";
			};
			name = Release;
		};
		8028E8421C96EF78008A9382 /* Debug */ = {
			isa = XCBuildConfiguration;
			buildSettings = {
				BUNDLE_LOADER = "$(TEST_HOST)";
				INFOPLIST_FILE = SlidePuzzleTests/Info.plist;
				LD_RUNPATH_SEARCH_PATHS = "$(inherited) @executable_path/Frameworks @loader_path/Frameworks";
				PRODUCT_BUNDLE_IDENTIFIER = com.EGS.SlidePuzzleTests;
				PRODUCT_NAME = "$(TARGET_NAME)";
				TEST_HOST = "$(BUILT_PRODUCTS_DIR)/SlidePuzzle.app/SlidePuzzle";
			};
			name = Debug;
		};
		8028E8431C96EF78008A9382 /* Release */ = {
			isa = XCBuildConfiguration;
			buildSettings = {
				BUNDLE_LOADER = "$(TEST_HOST)";
				INFOPLIST_FILE = SlidePuzzleTests/Info.plist;
				LD_RUNPATH_SEARCH_PATHS = "$(inherited) @executable_path/Frameworks @loader_path/Frameworks";
				PRODUCT_BUNDLE_IDENTIFIER = com.EGS.SlidePuzzleTests;
				PRODUCT_NAME = "$(TARGET_NAME)";
				TEST_HOST = "$(BUILT_PRODUCTS_DIR)/SlidePuzzle.app/SlidePuzzle";
			};
			name = Release;
		};
		8028E8451C96EF78008A9382 /* Debug */ = {
			isa = XCBuildConfiguration;
			buildSettings = {
				INFOPLIST_FILE = SlidePuzzleUITests/Info.plist;
				LD_RUNPATH_SEARCH_PATHS = "$(inherited) @executable_path/Frameworks @loader_path/Frameworks";
				PRODUCT_BUNDLE_IDENTIFIER = com.EGS.SlidePuzzleUITests;
				PRODUCT_NAME = "$(TARGET_NAME)";
				TEST_TARGET_NAME = SlidePuzzle;
				USES_XCTRUNNER = YES;
			};
			name = Debug;
		};
		8028E8461C96EF78008A9382 /* Release */ = {
			isa = XCBuildConfiguration;
			buildSettings = {
				INFOPLIST_FILE = SlidePuzzleUITests/Info.plist;
				LD_RUNPATH_SEARCH_PATHS = "$(inherited) @executable_path/Frameworks @loader_path/Frameworks";
				PRODUCT_BUNDLE_IDENTIFIER = com.EGS.SlidePuzzleUITests;
				PRODUCT_NAME = "$(TARGET_NAME)";
				TEST_TARGET_NAME = SlidePuzzle;
				USES_XCTRUNNER = YES;
			};
			name = Release;
		};
/* End XCBuildConfiguration section */

/* Begin XCConfigurationList section */
		8028E8091C96EF77008A9382 /* Build configuration list for PBXProject "SlidePuzzle" */ = {
			isa = XCConfigurationList;
			buildConfigurations = (
				8028E83C1C96EF78008A9382 /* Debug */,
				8028E83D1C96EF78008A9382 /* Release */,
			);
			defaultConfigurationIsVisible = 0;
			defaultConfigurationName = Release;
		};
		8028E83E1C96EF78008A9382 /* Build configuration list for PBXNativeTarget "SlidePuzzle" */ = {
			isa = XCConfigurationList;
			buildConfigurations = (
				8028E83F1C96EF78008A9382 /* Debug */,
				8028E8401C96EF78008A9382 /* Release */,
			);
			defaultConfigurationIsVisible = 0;
		};
		8028E8411C96EF78008A9382 /* Build configuration list for PBXNativeTarget "SlidePuzzleTests" */ = {
			isa = XCConfigurationList;
			buildConfigurations = (
				8028E8421C96EF78008A9382 /* Debug */,
				8028E8431C96EF78008A9382 /* Release */,
			);
			defaultConfigurationIsVisible = 0;
		};
		8028E8441C96EF78008A9382 /* Build configuration list for PBXNativeTarget "SlidePuzzleUITests" */ = {
			isa = XCConfigurationList;
			buildConfigurations = (
				8028E8451C96EF78008A9382 /* Debug */,
				8028E8461C96EF78008A9382 /* Release */,
			);
			defaultConfigurationIsVisible = 0;
		};
/* End XCConfigurationList section */

/* Begin XCVersionGroup section */
		8028E81D1C96EF77008A9382 /* SlidePuzzle.xcdatamodeld */ = {
			isa = XCVersionGroup;
			children = (
				8028E81E1C96EF77008A9382 /* SlidePuzzle.xcdatamodel */,
			);
			currentVersion = 8028E81E1C96EF77008A9382 /* SlidePuzzle.xcdatamodel */;
			path = SlidePuzzle.xcdatamodeld;
			sourceTree = "<group>";
			versionGroupType = wrapper.xcdatamodel;
		};
/* End XCVersionGroup section */
	};
	rootObject = 8028E8061C96EF77008A9382 /* Project object */;
}
